
Microsoft Visual Studio Solution File, Format Version 12.00
# Visual Studio Version 16
VisualStudioVersion = 16.0.32228.343
MinimumVisualStudioVersion = 10.0.40219.1
Project("{FAE04EC0-301F-11D3-BF4B-00C04F79EFBC}") = "CabInvoiceGenerator", "CabInvoiceGenerator\CabInvoiceGenerator.csproj", "{2FFC058F-5AE1-46A5-B033-DB70F992F197}"
EndProject
Project("{FAE04EC0-301F-11D3-BF4B-00C04F79EFBC}") = "CabInvoicGeneratorTest", "CabInvoicGeneratorTest\CabInvoicGeneratorTest.csproj", "{1FCC3F2F-99CF-4873-9A13-E05D78751659}"
EndProject
Global
	GlobalSection(SolutionConfigurationPlatforms) = preSolution
		Debug|Any CPU = Debug|Any CPU
		Release|Any CPU = Release|Any CPU
	EndGlobalSection
	GlobalSection(ProjectConfigurationPlatforms) = postSolution
		{2FFC058F-5AE1-46A5-B033-DB70F992F197}.Debug|Any CPU.ActiveCfg = Debug|Any CPU
		{2FFC058F-5AE1-46A5-B033-DB70F992F197}.Debug|Any CPU.Build.0 = Debug|Any CPU
		{2FFC058F-5AE1-46A5-B033-DB70F992F197}.Release|Any CPU.ActiveCfg = Release|Any CPU
		{2FFC058F-5AE1-46A5-B033-DB70F992F197}.Release|Any CPU.Build.0 = Release|Any CPU
		{1FCC3F2F-99CF-4873-9A13-E05D78751659}.Debug|Any CPU.ActiveCfg = Debug|Any CPU
		{1FCC3F2F-99CF-4873-9A13-E05D78751659}.Debug|Any CPU.Build.0 = Debug|Any CPU
		{1FCC3F2F-99CF-4873-9A13-E05D78751659}.Release|Any CPU.ActiveCfg = Release|Any CPU
		{1FCC3F2F-99CF-4873-9A13-E05D78751659}.Release|Any CPU.Build.0 = Release|Any CPU
	EndGlobalSection
	GlobalSection(SolutionProperties) = preSolution
		HideSolutionNode = FALSE
	EndGlobalSection
	GlobalSection(ExtensibilityGlobals) = postSolution
		SolutionGuid = {3ED0ECCF-B18F-4607-9B31-6B014E998AEE}
	EndGlobalSection
EndGlobal
